// !$*UTF8*$!
{
	archiveVersion = 1;
	classes = {
	};
	objectVersion = 46;
	objects = {

/* Begin PBXBuildFile section */
		DFE3F7DC1A033EB3004DC174 /* main.m in Sources */ = {isa = PBXBuildFile; fileRef = DFE3F7DB1A033EB3004DC174 /* main.m */; };
		DFE3F7EA1A033EF2004DC174 /* SCKLoginRequest.m in Sources */ = {isa = PBXBuildFile; fileRef = DFE3F7E51A033EF2004DC174 /* SCKLoginRequest.m */; };
		DFE3F7EB1A033EF2004DC174 /* SCKMessage.m in Sources */ = {isa = PBXBuildFile; fileRef = DFE3F7E71A033EF2004DC174 /* SCKMessage.m */; };
		DFE3F7EC1A033EF2004DC174 /* SCKStream.m in Sources */ = {isa = PBXBuildFile; fileRef = DFE3F7E91A033EF2004DC174 /* SCKStream.m */; };
		DFE3F7FD1A033F10004DC174 /* DDArrayQueue.m in Sources */ = {isa = PBXBuildFile; fileRef = DFE3F7EF1A033F10004DC174 /* DDArrayQueue.m */; settings = {COMPILER_FLAGS = "-fno-objc-arc"; }; };
		DFE3F7FE1A033F10004DC174 /* DDCometClient.m in Sources */ = {isa = PBXBuildFile; fileRef = DFE3F7F11A033F10004DC174 /* DDCometClient.m */; settings = {COMPILER_FLAGS = "-fno-objc-arc"; }; };
		DFE3F7FF1A033F10004DC174 /* DDCometLongPollingTransport.m in Sources */ = {isa = PBXBuildFile; fileRef = DFE3F7F31A033F10004DC174 /* DDCometLongPollingTransport.m */; settings = {COMPILER_FLAGS = "-fno-objc-arc"; }; };
		DFE3F8001A033F10004DC174 /* DDCometMessage.m in Sources */ = {isa = PBXBuildFile; fileRef = DFE3F7F51A033F10004DC174 /* DDCometMessage.m */; settings = {COMPILER_FLAGS = "-fno-objc-arc"; }; };
		DFE3F8011A033F10004DC174 /* DDCometSubscription.m in Sources */ = {isa = PBXBuildFile; fileRef = DFE3F7F71A033F10004DC174 /* DDCometSubscription.m */; settings = {COMPILER_FLAGS = "-fno-objc-arc"; }; };
		DFE3F8021A033F10004DC174 /* DDConcurrentQueue.m in Sources */ = {isa = PBXBuildFile; fileRef = DFE3F7F91A033F10004DC174 /* DDConcurrentQueue.m */; settings = {COMPILER_FLAGS = "-fno-objc-arc"; }; };
		DFE3F8031A033F10004DC174 /* DDQueueProcessor.m in Sources */ = {isa = PBXBuildFile; fileRef = DFE3F7FC1A033F10004DC174 /* DDQueueProcessor.m */; settings = {COMPILER_FLAGS = "-fno-objc-arc"; }; };
		DFE3F8061A033F93004DC174 /* SCKDemoBot.m in Sources */ = {isa = PBXBuildFile; fileRef = DFE3F8051A033F93004DC174 /* SCKDemoBot.m */; };
/* End PBXBuildFile section */

/* Begin PBXCopyFilesBuildPhase section */
		DFE3F7D61A033EB3004DC174 /* CopyFiles */ = {
			isa = PBXCopyFilesBuildPhase;
			buildActionMask = 2147483647;
			dstPath = /usr/share/man/man1/;
			dstSubfolderSpec = 0;
			files = (
			);
			runOnlyForDeploymentPostprocessing = 1;
		};
/* End PBXCopyFilesBuildPhase section */

/* Begin PBXFileReference section */
		DFE3F7D81A033EB3004DC174 /* socchatkitdemo */ = {isa = PBXFileReference; explicitFileType = "compiled.mach-o.executable"; includeInIndex = 0; path = socchatkitdemo; sourceTree = BUILT_PRODUCTS_DIR; };
		DFE3F7DB1A033EB3004DC174 /* main.m */ = {isa = PBXFileReference; lastKnownFileType = sourcecode.c.objc; path = main.m; sourceTree = "<group>"; };
		DFE3F7E31A033EF2004DC174 /* SCKDefinitions.h */ = {isa = PBXFileReference; fileEncoding = 4; lastKnownFileType = sourcecode.c.h; path = SCKDefinitions.h; sourceTree = "<group>"; };
		DFE3F7E41A033EF2004DC174 /* SCKLoginRequest.h */ = {isa = PBXFileReference; fileEncoding = 4; lastKnownFileType = sourcecode.c.h; path = SCKLoginRequest.h; sourceTree = "<group>"; };
		DFE3F7E51A033EF2004DC174 /* SCKLoginRequest.m */ = {isa = PBXFileReference; fileEncoding = 4; lastKnownFileType = sourcecode.c.objc; path = SCKLoginRequest.m; sourceTree = "<group>"; };
		DFE3F7E61A033EF2004DC174 /* SCKMessage.h */ = {isa = PBXFileReference; fileEncoding = 4; lastKnownFileType = sourcecode.c.h; path = SCKMessage.h; sourceTree = "<group>"; };
		DFE3F7E71A033EF2004DC174 /* SCKMessage.m */ = {isa = PBXFileReference; fileEncoding = 4; lastKnownFileType = sourcecode.c.objc; path = SCKMessage.m; sourceTree = "<group>"; };
		DFE3F7E81A033EF2004DC174 /* SCKStream.h */ = {isa = PBXFileReference; fileEncoding = 4; lastKnownFileType = sourcecode.c.h; path = SCKStream.h; sourceTree = "<group>"; };
		DFE3F7E91A033EF2004DC174 /* SCKStream.m */ = {isa = PBXFileReference; fileEncoding = 4; lastKnownFileType = sourcecode.c.objc; path = SCKStream.m; sourceTree = "<group>"; };
		DFE3F7EE1A033F10004DC174 /* DDArrayQueue.h */ = {isa = PBXFileReference; fileEncoding = 4; lastKnownFileType = sourcecode.c.h; path = DDArrayQueue.h; sourceTree = "<group>"; };
		DFE3F7EF1A033F10004DC174 /* DDArrayQueue.m */ = {isa = PBXFileReference; fileEncoding = 4; lastKnownFileType = sourcecode.c.objc; path = DDArrayQueue.m; sourceTree = "<group>"; };
		DFE3F7F01A033F10004DC174 /* DDCometClient.h */ = {isa = PBXFileReference; fileEncoding = 4; lastKnownFileType = sourcecode.c.h; path = DDCometClient.h; sourceTree = "<group>"; };
		DFE3F7F11A033F10004DC174 /* DDCometClient.m */ = {isa = PBXFileReference; fileEncoding = 4; lastKnownFileType = sourcecode.c.objc; path = DDCometClient.m; sourceTree = "<group>"; };
		DFE3F7F21A033F10004DC174 /* DDCometLongPollingTransport.h */ = {isa = PBXFileReference; fileEncoding = 4; lastKnownFileType = sourcecode.c.h; path = DDCometLongPollingTransport.h; sourceTree = "<group>"; };
		DFE3F7F31A033F10004DC174 /* DDCometLongPollingTransport.m */ = {isa = PBXFileReference; fileEncoding = 4; lastKnownFileType = sourcecode.c.objc; path = DDCometLongPollingTransport.m; sourceTree = "<group>"; };
		DFE3F7F41A033F10004DC174 /* DDCometMessage.h */ = {isa = PBXFileReference; fileEncoding = 4; lastKnownFileType = sourcecode.c.h; path = DDCometMessage.h; sourceTree = "<group>"; };
		DFE3F7F51A033F10004DC174 /* DDCometMessage.m */ = {isa = PBXFileReference; fileEncoding = 4; lastKnownFileType = sourcecode.c.objc; path = DDCometMessage.m; sourceTree = "<group>"; };
		DFE3F7F61A033F10004DC174 /* DDCometSubscription.h */ = {isa = PBXFileReference; fileEncoding = 4; lastKnownFileType = sourcecode.c.h; path = DDCometSubscription.h; sourceTree = "<group>"; };
		DFE3F7F71A033F10004DC174 /* DDCometSubscription.m */ = {isa = PBXFileReference; fileEncoding = 4; lastKnownFileType = sourcecode.c.objc; path = DDCometSubscription.m; sourceTree = "<group>"; };
		DFE3F7F81A033F10004DC174 /* DDConcurrentQueue.h */ = {isa = PBXFileReference; fileEncoding = 4; lastKnownFileType = sourcecode.c.h; path = DDConcurrentQueue.h; sourceTree = "<group>"; };
		DFE3F7F91A033F10004DC174 /* DDConcurrentQueue.m */ = {isa = PBXFileReference; fileEncoding = 4; lastKnownFileType = sourcecode.c.objc; path = DDConcurrentQueue.m; sourceTree = "<group>"; };
		DFE3F7FA1A033F10004DC174 /* DDQueue.h */ = {isa = PBXFileReference; fileEncoding = 4; lastKnownFileType = sourcecode.c.h; path = DDQueue.h; sourceTree = "<group>"; };
		DFE3F7FB1A033F10004DC174 /* DDQueueProcessor.h */ = {isa = PBXFileReference; fileEncoding = 4; lastKnownFileType = sourcecode.c.h; path = DDQueueProcessor.h; sourceTree = "<group>"; };
		DFE3F7FC1A033F10004DC174 /* DDQueueProcessor.m */ = {isa = PBXFileReference; fileEncoding = 4; lastKnownFileType = sourcecode.c.objc; path = DDQueueProcessor.m; sourceTree = "<group>"; };
		DFE3F8041A033F93004DC174 /* SCKDemoBot.h */ = {isa = PBXFileReference; fileEncoding = 4; lastKnownFileType = sourcecode.c.h; path = SCKDemoBot.h; sourceTree = "<group>"; };
		DFE3F8051A033F93004DC174 /* SCKDemoBot.m */ = {isa = PBXFileReference; fileEncoding = 4; lastKnownFileType = sourcecode.c.objc; path = SCKDemoBot.m; sourceTree = "<group>"; };
/* End PBXFileReference section */

/* Begin PBXFrameworksBuildPhase section */
		DFE3F7D51A033EB3004DC174 /* Frameworks */ = {
			isa = PBXFrameworksBuildPhase;
			buildActionMask = 2147483647;
			files = (
			);
			runOnlyForDeploymentPostprocessing = 0;
		};
/* End PBXFrameworksBuildPhase section */

/* Begin PBXGroup section */
		DFE3F7CF1A033EB3004DC174 = {
			isa = PBXGroup;
			children = (
				DFE3F7ED1A033F10004DC174 /* DDComet */,
				DFE3F7E21A033ED8004DC174 /* SocChatKit */,
				DFE3F7DA1A033EB3004DC174 /* socchatkitdemo */,
				DFE3F7D91A033EB3004DC174 /* Products */,
			);
			sourceTree = "<group>";
		};
		DFE3F7D91A033EB3004DC174 /* Products */ = {
			isa = PBXGroup;
			children = (
				DFE3F7D81A033EB3004DC174 /* socchatkitdemo */,
			);
			name = Products;
			sourceTree = "<group>";
		};
		DFE3F7DA1A033EB3004DC174 /* socchatkitdemo */ = {
			isa = PBXGroup;
			children = (
				DFE3F8041A033F93004DC174 /* SCKDemoBot.h */,
				DFE3F8051A033F93004DC174 /* SCKDemoBot.m */,
				DFE3F7DB1A033EB3004DC174 /* main.m */,
			);
			path = socchatkitdemo;
			sourceTree = "<group>";
		};
		DFE3F7E21A033ED8004DC174 /* SocChatKit */ = {
			isa = PBXGroup;
			children = (
				DFE3F7E31A033EF2004DC174 /* SCKDefinitions.h */,
				DFE3F7E41A033EF2004DC174 /* SCKLoginRequest.h */,
				DFE3F7E51A033EF2004DC174 /* SCKLoginRequest.m */,
				DFE3F7E61A033EF2004DC174 /* SCKMessage.h */,
				DFE3F7E71A033EF2004DC174 /* SCKMessage.m */,
				DFE3F7E81A033EF2004DC174 /* SCKStream.h */,
				DFE3F7E91A033EF2004DC174 /* SCKStream.m */,
			);
			path = SocChatKit;
			sourceTree = "<group>";
		};
		DFE3F7ED1A033F10004DC174 /* DDComet */ = {
			isa = PBXGroup;
			children = (
				DFE3F7EE1A033F10004DC174 /* DDArrayQueue.h */,
				DFE3F7EF1A033F10004DC174 /* DDArrayQueue.m */,
				DFE3F7F01A033F10004DC174 /* DDCometClient.h */,
				DFE3F7F11A033F10004DC174 /* DDCometClient.m */,
				DFE3F7F21A033F10004DC174 /* DDCometLongPollingTransport.h */,
				DFE3F7F31A033F10004DC174 /* DDCometLongPollingTransport.m */,
				DFE3F7F41A033F10004DC174 /* DDCometMessage.h */,
				DFE3F7F51A033F10004DC174 /* DDCometMessage.m */,
				DFE3F7F61A033F10004DC174 /* DDCometSubscription.h */,
				DFE3F7F71A033F10004DC174 /* DDCometSubscription.m */,
				DFE3F7F81A033F10004DC174 /* DDConcurrentQueue.h */,
				DFE3F7F91A033F10004DC174 /* DDConcurrentQueue.m */,
				DFE3F7FA1A033F10004DC174 /* DDQueue.h */,
				DFE3F7FB1A033F10004DC174 /* DDQueueProcessor.h */,
				DFE3F7FC1A033F10004DC174 /* DDQueueProcessor.m */,
			);
			name = DDComet;
			path = cometclient/DDComet;
			sourceTree = "<group>";
		};
/* End PBXGroup section */

/* Begin PBXNativeTarget section */
		DFE3F7D71A033EB3004DC174 /* socchatkitdemo */ = {
			isa = PBXNativeTarget;
			buildConfigurationList = DFE3F7DF1A033EB3004DC174 /* Build configuration list for PBXNativeTarget "socchatkitdemo" */;
			buildPhases = (
				DFE3F7D41A033EB3004DC174 /* Sources */,
				DFE3F7D51A033EB3004DC174 /* Frameworks */,
				DFE3F7D61A033EB3004DC174 /* CopyFiles */,
			);
			buildRules = (
			);
			dependencies = (
			);
			name = socchatkitdemo;
			productName = socchatkitdemo;
			productReference = DFE3F7D81A033EB3004DC174 /* socchatkitdemo */;
			productType = "com.apple.product-type.tool";
		};
/* End PBXNativeTarget section */

/* Begin PBXProject section */
		DFE3F7D01A033EB3004DC174 /* Project object */ = {
			isa = PBXProject;
			attributes = {
				LastUpgradeCheck = 0610;
				ORGANIZATIONNAME = Bluetoo;
				TargetAttributes = {
					DFE3F7D71A033EB3004DC174 = {
						CreatedOnToolsVersion = 6.1;
					};
				};
			};
			buildConfigurationList = DFE3F7D31A033EB3004DC174 /* Build configuration list for PBXProject "socchatkitdemo" */;
			compatibilityVersion = "Xcode 3.2";
			developmentRegion = English;
			hasScannedForEncodings = 0;
			knownRegions = (
				en,
			);
			mainGroup = DFE3F7CF1A033EB3004DC174;
			productRefGroup = DFE3F7D91A033EB3004DC174 /* Products */;
			projectDirPath = "";
			projectRoot = "";
			targets = (
				DFE3F7D71A033EB3004DC174 /* socchatkitdemo */,
			);
		};
/* End PBXProject section */

/* Begin PBXSourcesBuildPhase section */
		DFE3F7D41A033EB3004DC174 /* Sources */ = {
			isa = PBXSourcesBuildPhase;
			buildActionMask = 2147483647;
			files = (
				DFE3F8031A033F10004DC174 /* DDQueueProcessor.m in Sources */,
				DFE3F8001A033F10004DC174 /* DDCometMessage.m in Sources */,
				DFE3F7DC1A033EB3004DC174 /* main.m in Sources */,
				DFE3F7FE1A033F10004DC174 /* DDCometClient.m in Sources */,
				DFE3F8011A033F10004DC174 /* DDCometSubscription.m in Sources */,
				DFE3F7FF1A033F10004DC174 /* DDCometLongPollingTransport.m in Sources */,
				DFE3F8061A033F93004DC174 /* SCKDemoBot.m in Sources */,
				DFE3F7FD1A033F10004DC174 /* DDArrayQueue.m in Sources */,
				DFE3F8021A033F10004DC174 /* DDConcurrentQueue.m in Sources */,
				DFE3F7EB1A033EF2004DC174 /* SCKMessage.m in Sources */,
				DFE3F7EA1A033EF2004DC174 /* SCKLoginRequest.m in Sources */,
				DFE3F7EC1A033EF2004DC174 /* SCKStream.m in Sources */,
			);
			runOnlyForDeploymentPostprocessing = 0;
		};
/* End PBXSourcesBuildPhase section */

/* Begin XCBuildConfiguration section */
		DFE3F7DD1A033EB3004DC174 /* Debug */ = {
			isa = XCBuildConfiguration;
			buildSettings = {
				ALWAYS_SEARCH_USER_PATHS = NO;
				CLANG_CXX_LANGUAGE_STANDARD = "gnu++0x";
				CLANG_CXX_LIBRARY = "libc++";
				CLANG_ENABLE_MODULES = YES;
				CLANG_ENABLE_OBJC_ARC = YES;
				CLANG_WARN_BOOL_CONVERSION = YES;
				CLANG_WARN_CONSTANT_CONVERSION = YES;
				CLANG_WARN_DIRECT_OBJC_ISA_USAGE = YES_ERROR;
				CLANG_WARN_EMPTY_BODY = YES;
				CLANG_WARN_ENUM_CONVERSION = YES;
				CLANG_WARN_INT_CONVERSION = YES;
				CLANG_WARN_OBJC_ROOT_CLASS = YES_ERROR;
				CLANG_WARN_UNREACHABLE_CODE = YES;
				CLANG_WARN__DUPLICATE_METHOD_MATCH = YES;
				COPY_PHASE_STRIP = NO;
				ENABLE_STRICT_OBJC_MSGSEND = YES;
				GCC_C_LANGUAGE_STANDARD = gnu99;
				GCC_DYNAMIC_NO_PIC = NO;
				GCC_OPTIMIZATION_LEVEL = 0;
				GCC_PREPROCESSOR_DEFINITIONS = (
					"DEBUG=1",
					"$(inherited)",
				);
				GCC_SYMBOLS_PRIVATE_EXTERN = NO;
				GCC_WARN_64_TO_32_BIT_CONVERSION = YES;
				GCC_WARN_ABOUT_RETURN_TYPE = YES_ERROR;
				GCC_WARN_UNDECLARED_SELECTOR = YES;
				GCC_WARN_UNINITIALIZED_AUTOS = YES_AGGRESSIVE;
				GCC_WARN_UNUSED_FUNCTION = YES;
				GCC_WARN_UNUSED_VARIABLE = YES;
				MACOSX_DEPLOYMENT_TARGET = 10.10;
				MTL_ENABLE_DEBUG_INFO = YES;
				ONLY_ACTIVE_ARCH = YES;
				SDKROOT = macosx;
			};
			name = Debug;
		};
		DFE3F7DE1A033EB3004DC174 /* Release */ = {
			isa = XCBuildConfiguration;
			buildSettings = {
				ALWAYS_SEARCH_USER_PATHS = NO;
				CLANG_CXX_LANGUAGE_STANDARD = "gnu++0x";
				CLANG_CXX_LIBRARY = "libc++";
				CLANG_ENABLE_MODULES = YES;
				CLANG_ENABLE_OBJC_ARC = YES;
				CLANG_WARN_BOOL_CONVERSION = YES;
				CLANG_WARN_CONSTANT_CONVERSION = YES;
				CLANG_WARN_DIRECT_OBJC_ISA_USAGE = YES_ERROR;
				CLANG_WARN_EMPTY_BODY = YES;
				CLANG_WARN_ENUM_CONVERSION = YES;
				CLANG_WARN_INT_CONVERSION = YES;
				CLANG_WARN_OBJC_ROOT_CLASS = YES_ERROR;
				CLANG_WARN_UNREACHABLE_CODE = YES;
				CLANG_WARN__DUPLICATE_METHOD_MATCH = YES;
				COPY_PHASE_STRIP = YES;
				DEBUG_INFORMATION_FORMAT = "dwarf-with-dsym";
				ENABLE_NS_ASSERTIONS = NO;
				ENABLE_STRICT_OBJC_MSGSEND = YES;
				GCC_C_LANGUAGE_STANDARD = gnu99;
				GCC_WARN_64_TO_32_BIT_CONVERSION = YES;
				GCC_WARN_ABOUT_RETURN_TYPE = YES_ERROR;
				GCC_WARN_UNDECLARED_SELECTOR = YES;
				GCC_WARN_UNINITIALIZED_AUTOS = YES_AGGRESSIVE;
				GCC_WARN_UNUSED_FUNCTION = YES;
				GCC_WARN_UNUSED_VARIABLE = YES;
				MACOSX_DEPLOYMENT_TARGET = 10.10;
				MTL_ENABLE_DEBUG_INFO = NO;
				SDKROOT = macosx;
			};
			name = Release;
		};
		DFE3F7E01A033EB3004DC174 /* Debug */ = {
			isa = XCBuildConfiguration;
			buildSettings = {
				PRODUCT_NAME = "$(TARGET_NAME)";
			};
			name = Debug;
		};
		DFE3F7E11A033EB3004DC174 /* Release */ = {
			isa = XCBuildConfiguration;
			buildSettings = {
				PRODUCT_NAME = "$(TARGET_NAME)";
			};
			name = Release;
		};
/* End XCBuildConfiguration section */

/* Begin XCConfigurationList section */
		DFE3F7D31A033EB3004DC174 /* Build configuration list for PBXProject "socchatkitdemo" */ = {
			isa = XCConfigurationList;
			buildConfigurations = (
				DFE3F7DD1A033EB3004DC174 /* Debug */,
				DFE3F7DE1A033EB3004DC174 /* Release */,
			);
			defaultConfigurationIsVisible = 0;
			defaultConfigurationName = Release;
		};
		DFE3F7DF1A033EB3004DC174 /* Build configuration list for PBXNativeTarget "socchatkitdemo" */ = {
			isa = XCConfigurationList;
			buildConfigurations = (
				DFE3F7E01A033EB3004DC174 /* Debug */,
				DFE3F7E11A033EB3004DC174 /* Release */,
			);
			defaultConfigurationIsVisible = 0;
		};
/* End XCConfigurationList section */
	};
	rootObject = DFE3F7D01A033EB3004DC174 /* Project object */;
}
